
Microsoft Visual Studio Solution File, Format Version 12.00
# Visual Studio Version 17
VisualStudioVersion = 17.14.36414.22 d17.14
MinimumVisualStudioVersion = 10.0.40219.1
Project("{FAE04EC0-301F-11D3-BF4B-00C04F79EFBC}") = "Space Duct Tape", "Space Duct Tape\Space Duct Tape.csproj", "{A1B119DE-6A1A-469B-A505-2E2622104B9C}"
EndProject
Global
	GlobalSection(SolutionConfigurationPlatforms) = preSolution
		Debug|Any CPU = Debug|Any CPU
		Release|Any CPU = Release|Any CPU
	EndGlobalSection
	GlobalSection(ProjectConfigurationPlatforms) = postSolution
		{A1B119DE-6A1A-469B-A505-2E2622104B9C}.Debug|Any CPU.ActiveCfg = Debug|Any CPU
		{A1B119DE-6A1A-469B-A505-2E2622104B9C}.Debug|Any CPU.Build.0 = Debug|Any CPU
		{A1B119DE-6A1A-469B-A505-2E2622104B9C}.Release|Any CPU.ActiveCfg = Release|Any CPU
		{A1B119DE-6A1A-469B-A505-2E2622104B9C}.Release|Any CPU.Build.0 = Release|Any CPU
	EndGlobalSection
	GlobalSection(SolutionProperties) = preSolution
		HideSolutionNode = FALSE
	EndGlobalSection
	GlobalSection(ExtensibilityGlobals) = postSolution
		SolutionGuid = {D20B77D0-4554-486C-B95C-05E1A352313B}
	EndGlobalSection
EndGlobal
